
Microsoft Visual Studio Solution File, Format Version 12.00
# Visual Studio 2013
VisualStudioVersion = 12.0.40629.0
MinimumVisualStudioVersion = 10.0.40219.1
Project("{FAE04EC0-301F-11D3-BF4B-00C04F79EFBC}") = "Model", "LuizFadinha\Model.csproj", "{9501B39F-5501-4762-873F-823D8D311C22}"
EndProject
Project("{FAE04EC0-301F-11D3-BF4B-00C04F79EFBC}") = "ListaFadinhas", "..\ListaFadinhas\ListaFadinhas.csproj", "{FC40F7DD-0A59-4D37-A097-0182C34BF0F1}"
EndProject
Global
	GlobalSection(SolutionConfigurationPlatforms) = preSolution
		Debug|Any CPU = Debug|Any CPU
		Release|Any CPU = Release|Any CPU
	EndGlobalSection
	GlobalSection(ProjectConfigurationPlatforms) = postSolution
		{9501B39F-5501-4762-873F-823D8D311C22}.Debug|Any CPU.ActiveCfg = Debug|Any CPU
		{9501B39F-5501-4762-873F-823D8D311C22}.Debug|Any CPU.Build.0 = Debug|Any CPU
		{9501B39F-5501-4762-873F-823D8D311C22}.Release|Any CPU.ActiveCfg = Release|Any CPU
		{9501B39F-5501-4762-873F-823D8D311C22}.Release|Any CPU.Build.0 = Release|Any CPU
		{FC40F7DD-0A59-4D37-A097-0182C34BF0F1}.Debug|Any CPU.ActiveCfg = Debug|Any CPU
		{FC40F7DD-0A59-4D37-A097-0182C34BF0F1}.Debug|Any CPU.Build.0 = Debug|Any CPU
		{FC40F7DD-0A59-4D37-A097-0182C34BF0F1}.Release|Any CPU.ActiveCfg = Release|Any CPU
		{FC40F7DD-0A59-4D37-A097-0182C34BF0F1}.Release|Any CPU.Build.0 = Release|Any CPU
	EndGlobalSection
	GlobalSection(SolutionProperties) = preSolution
		HideSolutionNode = FALSE
	EndGlobalSection
EndGlobal
